
Microsoft Visual Studio Solution File, Format Version 12.00
# Visual Studio 15
VisualStudioVersion = 15.0.26430.15
MinimumVisualStudioVersion = 10.0.40219.1
Project("{FAE04EC0-301F-11D3-BF4B-00C04F79EFBC}") = "Appson.Security.KeyGenerator.Core", "Appson.Security.KeyGenerator.Core\Appson.Security.KeyGenerator.Core.csproj", "{6B7C7EA4-2AF0-485B-9781-609EEBA283F7}"
EndProject
Project("{FAE04EC0-301F-11D3-BF4B-00C04F79EFBC}") = "Appson.Security.KeyGenerator.Core.Tests", "Appson.Security.KeyGenerator.Core.Tests\Appson.Security.KeyGenerator.Core.Tests.csproj", "{1925CA52-70C8-4449-A0C4-F6B944B9126D}"
EndProject
Project("{FAE04EC0-301F-11D3-BF4B-00C04F79EFBC}") = "Appson.Security.KeyGenerator.Console", "Appson.Security.KeyGenerator.Console\Appson.Security.KeyGenerator.Console.csproj", "{515C4675-BBAD-4ED6-BC83-0680BD7593E5}"
EndProject
Global
	GlobalSection(SolutionConfigurationPlatforms) = preSolution
		Debug|Any CPU = Debug|Any CPU
		Release|Any CPU = Release|Any CPU
	EndGlobalSection
	GlobalSection(ProjectConfigurationPlatforms) = postSolution
		{6B7C7EA4-2AF0-485B-9781-609EEBA283F7}.Debug|Any CPU.ActiveCfg = Debug|Any CPU
		{6B7C7EA4-2AF0-485B-9781-609EEBA283F7}.Debug|Any CPU.Build.0 = Debug|Any CPU
		{6B7C7EA4-2AF0-485B-9781-609EEBA283F7}.Release|Any CPU.ActiveCfg = Release|Any CPU
		{6B7C7EA4-2AF0-485B-9781-609EEBA283F7}.Release|Any CPU.Build.0 = Release|Any CPU
		{1925CA52-70C8-4449-A0C4-F6B944B9126D}.Debug|Any CPU.ActiveCfg = Debug|Any CPU
		{1925CA52-70C8-4449-A0C4-F6B944B9126D}.Debug|Any CPU.Build.0 = Debug|Any CPU
		{1925CA52-70C8-4449-A0C4-F6B944B9126D}.Release|Any CPU.ActiveCfg = Release|Any CPU
		{1925CA52-70C8-4449-A0C4-F6B944B9126D}.Release|Any CPU.Build.0 = Release|Any CPU
		{515C4675-BBAD-4ED6-BC83-0680BD7593E5}.Debug|Any CPU.ActiveCfg = Debug|Any CPU
		{515C4675-BBAD-4ED6-BC83-0680BD7593E5}.Debug|Any CPU.Build.0 = Debug|Any CPU
		{515C4675-BBAD-4ED6-BC83-0680BD7593E5}.Release|Any CPU.ActiveCfg = Release|Any CPU
		{515C4675-BBAD-4ED6-BC83-0680BD7593E5}.Release|Any CPU.Build.0 = Release|Any CPU
	EndGlobalSection
	GlobalSection(SolutionProperties) = preSolution
		HideSolutionNode = FALSE
	EndGlobalSection
EndGlobal
